
Microsoft Visual Studio Solution File, Format Version 10.00
# Visual Studio 2008
Project("{FAE04EC0-301F-11D3-BF4B-00C04F79EFBC}") = "FrequencyAnalysis", "FrequencyAnalysis.csproj", "{CE1A5C80-CE0B-41E9-AA7C-C495A8D226BB}"
EndProject
Global
	GlobalSection(SolutionConfigurationPlatforms) = preSolution
		Debug|Any CPU = Debug|Any CPU
		Release|Any CPU = Release|Any CPU
	EndGlobalSection
	GlobalSection(ProjectConfigurationPlatforms) = postSolution
		{CE1A5C80-CE0B-41E9-AA7C-C495A8D226BB}.Debug|Any CPU.ActiveCfg = Debug|Any CPU
		{CE1A5C80-CE0B-41E9-AA7C-C495A8D226BB}.Debug|Any CPU.Build.0 = Debug|Any CPU
		{CE1A5C80-CE0B-41E9-AA7C-C495A8D226BB}.Release|Any CPU.ActiveCfg = Release|Any CPU
		{CE1A5C80-CE0B-41E9-AA7C-C495A8D226BB}.Release|Any CPU.Build.0 = Release|Any CPU
	EndGlobalSection
	GlobalSection(SolutionProperties) = preSolution
		HideSolutionNode = FALSE
	EndGlobalSection
EndGlobal
